<?xml version="1.0" encoding="utf-8"?>
<Project ToolsVersion="4.0" xmlns="http://schemas.microsoft.com/developer/msbuild/2003">
  <ItemGroup>
    <Filter Include="Source Files">
      <UniqueIdentifier>{4FC737F1-C7A5-4376-A066-2A32D752A2FF}</UniqueIdentifier>
      <Extensions>cpp;c;cc;cxx;c++;cppm;ixx;def;odl;idl;hpj;bat;asm;asmx</Extensions>
    </Filter>
    <Filter Include="Header Files">
      <UniqueIdentifier>{93995380-89BD-4b04-88EB-625FBE52EBFB}</UniqueIdentifier>
      <Extensions>h;hh;hpp;hxx;h++;hm;inl;inc;ipp;xsd</Extensions>
    </Filter>
    <Filter Include="Resource Files">
      <UniqueIdentifier>{67DA6AB6-F800-4c08-8B7A-83BB121AAD01}</UniqueIdentifier>
      <Extensions>rc;ico;cur;bmp;dlg;rc2;rct;bin;rgs;gif;jpg;jpeg;jpe;resx;tiff;tif;png;wav;mfcribbon-ms</Extensions>
    </Filter>
  </ItemGroup>
  <ItemGroup>
    <ClInclude Include="engine\headers\engine.h">
      <Filter>Header Files</Filter>
    </ClInclude>
    <ClInclude Include="engine\headers\savable.h">
      <Filter>Header Files</Filter>
    </ClInclude>
    <ClInclude Include="engine\headers\instance\game_obj_save_registry.h">
      <Filter>Header Files</Filter>
    </ClInclude>
    <ClInclude Include="engine\headers\instance\game_obj.h">
      <Filter>Header Files</Filter>
    </ClInclude>
    <ClInclude Include="engine\headers\instance\game.h">
      <Filter>Header Files</Filter>
    </ClInclude>
    <ClInclude Include="engine\headers\instance\scene.h">
      <Filter>Header Files</Filter>
    </ClInclude>
    <ClInclude Include="engine\headers\util\string_utils.h">
      <Filter>Header Files</Filter>
    </ClInclude>
    <ClInclude Include="engine\headers\instance\entity.h">
      <Filter>Header Files</Filter>
    </ClInclude>
    <ClInclude Include="engine\headers\instance\dummy.h">
      <Filter>Header Files</Filter>
    </ClInclude>
    <ClInclude Include="engine\headers\instance\res_file.h">
      <Filter>Header Files</Filter>
    </ClInclude>
    <ClInclude Include="engine\headers\procedure\adjudicator.h">
      <Filter>Header Files</Filter>
    </ClInclude>
    <ClInclude Include="engine\headers\MASTER.h">
      <Filter>Header Files</Filter>
    </ClInclude>
    <ClInclude Include="engine\headers\procedure\substitution_wizard.h">
      <Filter>Header Files</Filter>
    </ClInclude>
  </ItemGroup>
  <ItemGroup>
    <ClCompile Include="engine\source\engine.cpp">
      <Filter>Source Files</Filter>
    </ClCompile>
    <ClCompile Include="engine\source\savable.cpp">
      <Filter>Source Files</Filter>
    </ClCompile>
    <ClCompile Include="engine\source\procedure\start.cpp">
      <Filter>Source Files</Filter>
    </ClCompile>
    <ClCompile Include="engine\source\instance\game_obj_save_registry.cpp">
      <Filter>Source Files</Filter>
    </ClCompile>
    <ClCompile Include="engine\source\instance\game_obj.cpp">
      <Filter>Source Files</Filter>
    </ClCompile>
    <ClCompile Include="engine\source\instance\game.cpp">
      <Filter>Source Files</Filter>
    </ClCompile>
    <ClCompile Include="engine\source\instance\scene.cpp">
      <Filter>Source Files</Filter>
    </ClCompile>
    <ClCompile Include="engine\source\util\string_utils.cpp">
      <Filter>Source Files</Filter>
    </ClCompile>
    <ClCompile Include="engine\source\instance\res_file.cpp">
      <Filter>Source Files</Filter>
    </ClCompile>
    <ClCompile Include="engine\source\instance\dummy.cpp">
      <Filter>Source Files</Filter>
    </ClCompile>
    <ClCompile Include="engine\source\instance\entity.cpp">
      <Filter>Source Files</Filter>
    </ClCompile>
    <ClCompile Include="engine\source\procedure\adjudicator.cpp">
      <Filter>Source Files</Filter>
    </ClCompile>
    <ClCompile Include="engine\source\procedure\substitution_wizard.cpp">
      <Filter>Source Files</Filter>
    </ClCompile>
  </ItemGroup>
  <ItemGroup>
    <Text Include="Docs\scene functions.txt" />
    <Text Include="Docs\entity functions.txt" />
    <Text Include="Docs\doc.txt" />
  </ItemGroup>
</Project>